
Microsoft Visual Studio Solution File, Format Version 12.00
# Visual Studio 15
VisualStudioVersion = 15.0.27428.2043
MinimumVisualStudioVersion = 10.0.40219.1
Project("{FAE04EC0-301F-11D3-BF4B-00C04F79EFBC}") = "Triangle", "Triangle\Triangle.csproj", "{3573E751-745E-407E-8807-06B170329C20}"
EndProject
Global
	GlobalSection(SolutionConfigurationPlatforms) = preSolution
		Debug|Any CPU = Debug|Any CPU
		Release|Any CPU = Release|Any CPU
	EndGlobalSection
	GlobalSection(ProjectConfigurationPlatforms) = postSolution
		{3573E751-745E-407E-8807-06B170329C20}.Debug|Any CPU.ActiveCfg = Debug|Any CPU
		{3573E751-745E-407E-8807-06B170329C20}.Debug|Any CPU.Build.0 = Debug|Any CPU
		{3573E751-745E-407E-8807-06B170329C20}.Release|Any CPU.ActiveCfg = Release|Any CPU
		{3573E751-745E-407E-8807-06B170329C20}.Release|Any CPU.Build.0 = Release|Any CPU
	EndGlobalSection
	GlobalSection(SolutionProperties) = preSolution
		HideSolutionNode = FALSE
	EndGlobalSection
	GlobalSection(ExtensibilityGlobals) = postSolution
		SolutionGuid = {B404B3BC-F111-420A-A559-19F0E28E9B7B}
	EndGlobalSection
EndGlobal
